// !$*UTF8*$!
{
	archiveVersion = 1;
	classes = {
	};
	objectVersion = 46;
	objects = {

/* Begin PBXBuildFile section */
		1763C2E41D70E76800188D36 /* AppDelegate.swift in Sources */ = {isa = PBXBuildFile; fileRef = 1763C2E31D70E76800188D36 /* AppDelegate.swift */; };
		1763C2E61D70E76800188D36 /* GameScene.sks in Resources */ = {isa = PBXBuildFile; fileRef = 1763C2E51D70E76800188D36 /* GameScene.sks */; };
		1763C2E81D70E76800188D36 /* Actions.sks in Resources */ = {isa = PBXBuildFile; fileRef = 1763C2E71D70E76800188D36 /* Actions.sks */; };
		1763C2EA1D70E76800188D36 /* GameScene.swift in Sources */ = {isa = PBXBuildFile; fileRef = 1763C2E91D70E76800188D36 /* GameScene.swift */; };
		1763C2EC1D70E76800188D36 /* GameViewController.swift in Sources */ = {isa = PBXBuildFile; fileRef = 1763C2EB1D70E76800188D36 /* GameViewController.swift */; };
		1763C2EF1D70E76800188D36 /* Main.storyboard in Resources */ = {isa = PBXBuildFile; fileRef = 1763C2ED1D70E76800188D36 /* Main.storyboard */; };
		1763C2F11D70E76800188D36 /* Assets.xcassets in Resources */ = {isa = PBXBuildFile; fileRef = 1763C2F01D70E76800188D36 /* Assets.xcassets */; };
		1763C2F41D70E76800188D36 /* LaunchScreen.storyboard in Resources */ = {isa = PBXBuildFile; fileRef = 1763C2F21D70E76800188D36 /* LaunchScreen.storyboard */; };
		1763C3001D70E78C00188D36 /* Assets.xcassets in Resources */ = {isa = PBXBuildFile; fileRef = 1763C2FF1D70E78C00188D36 /* Assets.xcassets */; };
		1763C3071D70E78C00188D36 /* MessagesExtension.appex in Embed App Extensions */ = {isa = PBXBuildFile; fileRef = 1763C3061D70E78C00188D36 /* MessagesExtension.appex */; settings = {ATTRIBUTES = (RemoveHeadersOnCopy, ); }; };
		1763C30C1D70E78C00188D36 /* Messages.framework in Frameworks */ = {isa = PBXBuildFile; fileRef = 1763C30B1D70E78C00188D36 /* Messages.framework */; };
		1763C30F1D70E78C00188D36 /* MessagesViewController.swift in Sources */ = {isa = PBXBuildFile; fileRef = 1763C30E1D70E78C00188D36 /* MessagesViewController.swift */; };
		1763C3121D70E78C00188D36 /* MainInterface.storyboard in Resources */ = {isa = PBXBuildFile; fileRef = 1763C3101D70E78C00188D36 /* MainInterface.storyboard */; };
		1763C3141D70E78C00188D36 /* Assets.xcassets in Resources */ = {isa = PBXBuildFile; fileRef = 1763C3131D70E78C00188D36 /* Assets.xcassets */; };
		1763C31E1D70E8B800188D36 /* GameScene.swift in Sources */ = {isa = PBXBuildFile; fileRef = 1763C2E91D70E76800188D36 /* GameScene.swift */; };
		1763C31F1D70E8BC00188D36 /* AppDelegate.swift in Sources */ = {isa = PBXBuildFile; fileRef = 1763C2E31D70E76800188D36 /* AppDelegate.swift */; };
		1763C3201D70E91900188D36 /* GameScene.sks in Resources */ = {isa = PBXBuildFile; fileRef = 1763C2E51D70E76800188D36 /* GameScene.sks */; };
		1763C3211D70E91D00188D36 /* Actions.sks in Resources */ = {isa = PBXBuildFile; fileRef = 1763C2E71D70E76800188D36 /* Actions.sks */; };
		1763C3231D70EB4C00188D36 /* SpriteKit.framework in Frameworks */ = {isa = PBXBuildFile; fileRef = 1763C3221D70EB4C00188D36 /* SpriteKit.framework */; };
/* End PBXBuildFile section */

/* Begin PBXContainerItemProxy section */
		1763C3081D70E78C00188D36 /* PBXContainerItemProxy */ = {
			isa = PBXContainerItemProxy;
			containerPortal = 1763C2D81D70E76800188D36 /* Project object */;
			proxyType = 1;
			remoteGlobalIDString = 1763C3051D70E78C00188D36;
			remoteInfo = MessagesExtension;
		};
/* End PBXContainerItemProxy section */

/* Begin PBXCopyFilesBuildPhase section */
		1763C3191D70E78C00188D36 /* Embed App Extensions */ = {
			isa = PBXCopyFilesBuildPhase;
			buildActionMask = 2147483647;
			dstPath = "";
			dstSubfolderSpec = 13;
			files = (
				1763C3071D70E78C00188D36 /* MessagesExtension.appex in Embed App Extensions */,
			);
			name = "Embed App Extensions";
			runOnlyForDeploymentPostprocessing = 0;
		};
/* End PBXCopyFilesBuildPhase section */

/* Begin PBXFileReference section */
		1763C2E01D70E76800188D36 /* Reference SpriteKit.app */ = {isa = PBXFileReference; explicitFileType = wrapper.application; includeInIndex = 0; path = "Reference SpriteKit.app"; sourceTree = BUILT_PRODUCTS_DIR; };
		1763C2E31D70E76800188D36 /* AppDelegate.swift */ = {isa = PBXFileReference; lastKnownFileType = sourcecode.swift; path = AppDelegate.swift; sourceTree = "<group>"; };
		1763C2E51D70E76800188D36 /* GameScene.sks */ = {isa = PBXFileReference; lastKnownFileType = file.sks; path = GameScene.sks; sourceTree = "<group>"; };
		1763C2E71D70E76800188D36 /* Actions.sks */ = {isa = PBXFileReference; lastKnownFileType = file.sks; path = Actions.sks; sourceTree = "<group>"; };
		1763C2E91D70E76800188D36 /* GameScene.swift */ = {isa = PBXFileReference; lastKnownFileType = sourcecode.swift; path = GameScene.swift; sourceTree = "<group>"; };
		1763C2EB1D70E76800188D36 /* GameViewController.swift */ = {isa = PBXFileReference; lastKnownFileType = sourcecode.swift; path = GameViewController.swift; sourceTree = "<group>"; };
		1763C2EE1D70E76800188D36 /* Base */ = {isa = PBXFileReference; lastKnownFileType = file.storyboard; name = Base; path = Base.lproj/Main.storyboard; sourceTree = "<group>"; };
		1763C2F01D70E76800188D36 /* Assets.xcassets */ = {isa = PBXFileReference; lastKnownFileType = folder.assetcatalog; path = Assets.xcassets; sourceTree = "<group>"; };
		1763C2F31D70E76800188D36 /* Base */ = {isa = PBXFileReference; lastKnownFileType = file.storyboard; name = Base; path = Base.lproj/LaunchScreen.storyboard; sourceTree = "<group>"; };
		1763C2F51D70E76800188D36 /* Info.plist */ = {isa = PBXFileReference; lastKnownFileType = text.plist.xml; path = Info.plist; sourceTree = "<group>"; };
		1763C2FD1D70E78C00188D36 /* SKMessage for iMessage.app */ = {isa = PBXFileReference; explicitFileType = wrapper.application; includeInIndex = 0; path = "SKMessage for iMessage.app"; sourceTree = BUILT_PRODUCTS_DIR; };
		1763C2FF1D70E78C00188D36 /* Assets.xcassets */ = {isa = PBXFileReference; lastKnownFileType = folder.assetcatalog; name = Assets.xcassets; path = "SKMessage for iMessage/Assets.xcassets"; sourceTree = SOURCE_ROOT; };
		1763C3011D70E78C00188D36 /* Info.plist */ = {isa = PBXFileReference; lastKnownFileType = text.plist.xml; path = Info.plist; sourceTree = "<group>"; };
		1763C3061D70E78C00188D36 /* MessagesExtension.appex */ = {isa = PBXFileReference; explicitFileType = "wrapper.app-extension"; includeInIndex = 0; path = MessagesExtension.appex; sourceTree = BUILT_PRODUCTS_DIR; };
		1763C30B1D70E78C00188D36 /* Messages.framework */ = {isa = PBXFileReference; lastKnownFileType = wrapper.framework; name = Messages.framework; path = System/Library/Frameworks/Messages.framework; sourceTree = SDKROOT; };
		1763C30E1D70E78C00188D36 /* MessagesViewController.swift */ = {isa = PBXFileReference; lastKnownFileType = sourcecode.swift; path = MessagesViewController.swift; sourceTree = "<group>"; };
		1763C3111D70E78C00188D36 /* Base */ = {isa = PBXFileReference; lastKnownFileType = file.storyboard; name = Base; path = Base.lproj/MainInterface.storyboard; sourceTree = "<group>"; };
		1763C3131D70E78C00188D36 /* Assets.xcassets */ = {isa = PBXFileReference; lastKnownFileType = folder.assetcatalog; path = Assets.xcassets; sourceTree = "<group>"; };
		1763C3151D70E78C00188D36 /* Info.plist */ = {isa = PBXFileReference; lastKnownFileType = text.plist.xml; path = Info.plist; sourceTree = "<group>"; };
		1763C3221D70EB4C00188D36 /* SpriteKit.framework */ = {isa = PBXFileReference; lastKnownFileType = wrapper.framework; name = SpriteKit.framework; path = System/Library/Frameworks/SpriteKit.framework; sourceTree = SDKROOT; };
/* End PBXFileReference section */

/* Begin PBXFrameworksBuildPhase section */
		1763C2DD1D70E76800188D36 /* Frameworks */ = {
			isa = PBXFrameworksBuildPhase;
			buildActionMask = 2147483647;
			files = (
			);
			runOnlyForDeploymentPostprocessing = 0;
		};
		1763C3031D70E78C00188D36 /* Frameworks */ = {
			isa = PBXFrameworksBuildPhase;
			buildActionMask = 2147483647;
			files = (
				1763C3231D70EB4C00188D36 /* SpriteKit.framework in Frameworks */,
				1763C30C1D70E78C00188D36 /* Messages.framework in Frameworks */,
			);
			runOnlyForDeploymentPostprocessing = 0;
		};
/* End PBXFrameworksBuildPhase section */

/* Begin PBXGroup section */
		1763C2D71D70E76800188D36 = {
			isa = PBXGroup;
			children = (
				1763C2E21D70E76800188D36 /* SKMessage */,
				1763C2FE1D70E78C00188D36 /* SKMessage for iMessage */,
				1763C30D1D70E78C00188D36 /* MessagesExtension */,
				1763C30A1D70E78C00188D36 /* Frameworks */,
				1763C2E11D70E76800188D36 /* Products */,
			);
			sourceTree = "<group>";
		};
		1763C2E11D70E76800188D36 /* Products */ = {
			isa = PBXGroup;
			children = (
				1763C2E01D70E76800188D36 /* Reference SpriteKit.app */,
				1763C2FD1D70E78C00188D36 /* SKMessage for iMessage.app */,
				1763C3061D70E78C00188D36 /* MessagesExtension.appex */,
			);
			name = Products;
			sourceTree = "<group>";
		};
		1763C2E21D70E76800188D36 /* SKMessage */ = {
			isa = PBXGroup;
			children = (
				1763C2E71D70E76800188D36 /* Actions.sks */,
				1763C2E51D70E76800188D36 /* GameScene.sks */,
				1763C2E31D70E76800188D36 /* AppDelegate.swift */,
				1763C2E91D70E76800188D36 /* GameScene.swift */,
				1763C2EB1D70E76800188D36 /* GameViewController.swift */,
				1763C2ED1D70E76800188D36 /* Main.storyboard */,
				1763C2F01D70E76800188D36 /* Assets.xcassets */,
				1763C2F21D70E76800188D36 /* LaunchScreen.storyboard */,
				1763C2F51D70E76800188D36 /* Info.plist */,
			);
			path = SKMessage;
			sourceTree = "<group>";
		};
		1763C2FE1D70E78C00188D36 /* SKMessage for iMessage */ = {
			isa = PBXGroup;
			children = (
				1763C2FF1D70E78C00188D36 /* Assets.xcassets */,
				1763C3011D70E78C00188D36 /* Info.plist */,
			);
			path = "SKMessage for iMessage";
			sourceTree = "<group>";
		};
		1763C30A1D70E78C00188D36 /* Frameworks */ = {
			isa = PBXGroup;
			children = (
				1763C3221D70EB4C00188D36 /* SpriteKit.framework */,
				1763C30B1D70E78C00188D36 /* Messages.framework */,
			);
			name = Frameworks;
			sourceTree = "<group>";
		};
		1763C30D1D70E78C00188D36 /* MessagesExtension */ = {
			isa = PBXGroup;
			children = (
				1763C30E1D70E78C00188D36 /* MessagesViewController.swift */,
				1763C3101D70E78C00188D36 /* MainInterface.storyboard */,
				1763C3131D70E78C00188D36 /* Assets.xcassets */,
				1763C3151D70E78C00188D36 /* Info.plist */,
			);
			path = MessagesExtension;
			sourceTree = "<group>";
		};
/* End PBXGroup section */

/* Begin PBXNativeTarget section */
		1763C2DF1D70E76800188D36 /* Reference SpriteKit */ = {
			isa = PBXNativeTarget;
			buildConfigurationList = 1763C2F81D70E76800188D36 /* Build configuration list for PBXNativeTarget "Reference SpriteKit" */;
			buildPhases = (
				1763C2DC1D70E76800188D36 /* Sources */,
				1763C2DD1D70E76800188D36 /* Frameworks */,
				1763C2DE1D70E76800188D36 /* Resources */,
			);
			buildRules = (
			);
			dependencies = (
			);
			name = "Reference SpriteKit";
			productName = SKMessage;
			productReference = 1763C2E01D70E76800188D36 /* Reference SpriteKit.app */;
			productType = "com.apple.product-type.application";
		};
		1763C2FC1D70E78C00188D36 /* SKMessage for iMessage */ = {
			isa = PBXNativeTarget;
			buildConfigurationList = 1763C31A1D70E78C00188D36 /* Build configuration list for PBXNativeTarget "SKMessage for iMessage" */;
			buildPhases = (
				1763C2FB1D70E78C00188D36 /* Resources */,
				1763C3191D70E78C00188D36 /* Embed App Extensions */,
			);
			buildRules = (
			);
			dependencies = (
				1763C3091D70E78C00188D36 /* PBXTargetDependency */,
			);
			name = "SKMessage for iMessage";
			productName = "SKMessage for iMessage";
			productReference = 1763C2FD1D70E78C00188D36 /* SKMessage for iMessage.app */;
			productType = "com.apple.product-type.application.messages";
		};
		1763C3051D70E78C00188D36 /* MessagesExtension */ = {
			isa = PBXNativeTarget;
			buildConfigurationList = 1763C3161D70E78C00188D36 /* Build configuration list for PBXNativeTarget "MessagesExtension" */;
			buildPhases = (
				1763C3021D70E78C00188D36 /* Sources */,
				1763C3031D70E78C00188D36 /* Frameworks */,
				1763C3041D70E78C00188D36 /* Resources */,
			);
			buildRules = (
			);
			dependencies = (
			);
			name = MessagesExtension;
			productName = MessagesExtension;
			productReference = 1763C3061D70E78C00188D36 /* MessagesExtension.appex */;
			productType = "com.apple.product-type.app-extension.messages";
		};
/* End PBXNativeTarget section */

/* Begin PBXProject section */
		1763C2D81D70E76800188D36 /* Project object */ = {
			isa = PBXProject;
			attributes = {
				LastSwiftUpdateCheck = 0800;
				LastUpgradeCheck = 0800;
				ORGANIZATIONNAME = "Eli Bradley";
				TargetAttributes = {
					1763C2DF1D70E76800188D36 = {
						CreatedOnToolsVersion = 8.0;
						DevelopmentTeam = M64HPXXUJF;
						ProvisioningStyle = Automatic;
					};
					1763C2FC1D70E78C00188D36 = {
						CreatedOnToolsVersion = 8.0;
						DevelopmentTeam = M64HPXXUJF;
						ProvisioningStyle = Automatic;
					};
					1763C3051D70E78C00188D36 = {
						CreatedOnToolsVersion = 8.0;
						DevelopmentTeam = M64HPXXUJF;
						ProvisioningStyle = Automatic;
					};
				};
			};
			buildConfigurationList = 1763C2DB1D70E76800188D36 /* Build configuration list for PBXProject "SKMessage" */;
			compatibilityVersion = "Xcode 3.2";
			developmentRegion = English;
			hasScannedForEncodings = 0;
			knownRegions = (
				en,
				Base,
			);
			mainGroup = 1763C2D71D70E76800188D36;
			productRefGroup = 1763C2E11D70E76800188D36 /* Products */;
			projectDirPath = "";
			projectRoot = "";
			targets = (
				1763C2DF1D70E76800188D36 /* Reference SpriteKit */,
				1763C2FC1D70E78C00188D36 /* SKMessage for iMessage */,
				1763C3051D70E78C00188D36 /* MessagesExtension */,
			);
		};
/* End PBXProject section */

/* Begin PBXResourcesBuildPhase section */
		1763C2DE1D70E76800188D36 /* Resources */ = {
			isa = PBXResourcesBuildPhase;
			buildActionMask = 2147483647;
			files = (
				1763C2EF1D70E76800188D36 /* Main.storyboard in Resources */,
				1763C2E61D70E76800188D36 /* GameScene.sks in Resources */,
				1763C2F11D70E76800188D36 /* Assets.xcassets in Resources */,
				1763C2F41D70E76800188D36 /* LaunchScreen.storyboard in Resources */,
				1763C2E81D70E76800188D36 /* Actions.sks in Resources */,
			);
			runOnlyForDeploymentPostprocessing = 0;
		};
		1763C2FB1D70E78C00188D36 /* Resources */ = {
			isa = PBXResourcesBuildPhase;
			buildActionMask = 2147483647;
			files = (
				1763C3001D70E78C00188D36 /* Assets.xcassets in Resources */,
			);
			runOnlyForDeploymentPostprocessing = 0;
		};
		1763C3041D70E78C00188D36 /* Resources */ = {
			isa = PBXResourcesBuildPhase;
			buildActionMask = 2147483647;
			files = (
				1763C3201D70E91900188D36 /* GameScene.sks in Resources */,
				1763C3211D70E91D00188D36 /* Actions.sks in Resources */,
				1763C3141D70E78C00188D36 /* Assets.xcassets in Resources */,
				1763C3121D70E78C00188D36 /* MainInterface.storyboard in Resources */,
			);
			runOnlyForDeploymentPostprocessing = 0;
		};
/* End PBXResourcesBuildPhase section */

/* Begin PBXSourcesBuildPhase section */
		1763C2DC1D70E76800188D36 /* Sources */ = {
			isa = PBXSourcesBuildPhase;
			buildActionMask = 2147483647;
			files = (
				1763C2EA1D70E76800188D36 /* GameScene.swift in Sources */,
				1763C2EC1D70E76800188D36 /* GameViewController.swift in Sources */,
				1763C2E41D70E76800188D36 /* AppDelegate.swift in Sources */,
			);
			runOnlyForDeploymentPostprocessing = 0;
		};
		1763C3021D70E78C00188D36 /* Sources */ = {
			isa = PBXSourcesBuildPhase;
			buildActionMask = 2147483647;
			files = (
				1763C31E1D70E8B800188D36 /* GameScene.swift in Sources */,
				1763C30F1D70E78C00188D36 /* MessagesViewController.swift in Sources */,
				1763C31F1D70E8BC00188D36 /* AppDelegate.swift in Sources */,
			);
			runOnlyForDeploymentPostprocessing = 0;
		};
/* End PBXSourcesBuildPhase section */

/* Begin PBXTargetDependency section */
		1763C3091D70E78C00188D36 /* PBXTargetDependency */ = {
			isa = PBXTargetDependency;
			target = 1763C3051D70E78C00188D36 /* MessagesExtension */;
			targetProxy = 1763C3081D70E78C00188D36 /* PBXContainerItemProxy */;
		};
/* End PBXTargetDependency section */

/* Begin PBXVariantGroup section */
		1763C2ED1D70E76800188D36 /* Main.storyboard */ = {
			isa = PBXVariantGroup;
			children = (
				1763C2EE1D70E76800188D36 /* Base */,
			);
			name = Main.storyboard;
			sourceTree = "<group>";
		};
		1763C2F21D70E76800188D36 /* LaunchScreen.storyboard */ = {
			isa = PBXVariantGroup;
			children = (
				1763C2F31D70E76800188D36 /* Base */,
			);
			name = LaunchScreen.storyboard;
			sourceTree = "<group>";
		};
		1763C3101D70E78C00188D36 /* MainInterface.storyboard */ = {
			isa = PBXVariantGroup;
			children = (
				1763C3111D70E78C00188D36 /* Base */,
			);
			name = MainInterface.storyboard;
			sourceTree = "<group>";
		};
/* End PBXVariantGroup section */

/* Begin XCBuildConfiguration section */
		1763C2F61D70E76800188D36 /* Debug */ = {
			isa = XCBuildConfiguration;
			buildSettings = {
				ALWAYS_SEARCH_USER_PATHS = NO;
				CLANG_ANALYZER_NONNULL = YES;
				CLANG_CXX_LANGUAGE_STANDARD = "gnu++0x";
				CLANG_CXX_LIBRARY = "libc++";
				CLANG_ENABLE_MODULES = YES;
				CLANG_ENABLE_OBJC_ARC = YES;
				CLANG_WARN_BOOL_CONVERSION = YES;
				CLANG_WARN_CONSTANT_CONVERSION = YES;
				CLANG_WARN_DIRECT_OBJC_ISA_USAGE = YES_ERROR;
				CLANG_WARN_DOCUMENTATION_COMMENTS = YES;
				CLANG_WARN_EMPTY_BODY = YES;
				CLANG_WARN_ENUM_CONVERSION = YES;
				CLANG_WARN_INFINITE_RECURSION = YES;
				CLANG_WARN_INT_CONVERSION = YES;
				CLANG_WARN_OBJC_ROOT_CLASS = YES_ERROR;
				CLANG_WARN_SUSPICIOUS_MOVES = YES;
				CLANG_WARN_UNREACHABLE_CODE = YES;
				CLANG_WARN__DUPLICATE_METHOD_MATCH = YES;
				"CODE_SIGN_IDENTITY[sdk=iphoneos*]" = "iPhone Developer";
				COPY_PHASE_STRIP = NO;
				DEBUG_INFORMATION_FORMAT = dwarf;
				ENABLE_STRICT_OBJC_MSGSEND = YES;
				ENABLE_TESTABILITY = YES;
				GCC_C_LANGUAGE_STANDARD = gnu99;
				GCC_DYNAMIC_NO_PIC = NO;
				GCC_NO_COMMON_BLOCKS = YES;
				GCC_OPTIMIZATION_LEVEL = 0;
				GCC_PREPROCESSOR_DEFINITIONS = (
					"DEBUG=1",
					"$(inherited)",
				);
				GCC_WARN_64_TO_32_BIT_CONVERSION = YES;
				GCC_WARN_ABOUT_RETURN_TYPE = YES_ERROR;
				GCC_WARN_UNDECLARED_SELECTOR = YES;
				GCC_WARN_UNINITIALIZED_AUTOS = YES_AGGRESSIVE;
				GCC_WARN_UNUSED_FUNCTION = YES;
				GCC_WARN_UNUSED_VARIABLE = YES;
				IPHONEOS_DEPLOYMENT_TARGET = 10.0;
				MTL_ENABLE_DEBUG_INFO = YES;
				ONLY_ACTIVE_ARCH = YES;
				SDKROOT = iphoneos;
				SWIFT_ACTIVE_COMPILATION_CONDITIONS = DEBUG;
				SWIFT_OPTIMIZATION_LEVEL = "-Onone";
				TARGETED_DEVICE_FAMILY = "1,2";
			};
			name = Debug;
		};
		1763C2F71D70E76800188D36 /* Release */ = {
			isa = XCBuildConfiguration;
			buildSettings = {
				ALWAYS_SEARCH_USER_PATHS = NO;
				CLANG_ANALYZER_NONNULL = YES;
				CLANG_CXX_LANGUAGE_STANDARD = "gnu++0x";
				CLANG_CXX_LIBRARY = "libc++";
				CLANG_ENABLE_MODULES = YES;
				CLANG_ENABLE_OBJC_ARC = YES;
				CLANG_WARN_BOOL_CONVERSION = YES;
				CLANG_WARN_CONSTANT_CONVERSION = YES;
				CLANG_WARN_DIRECT_OBJC_ISA_USAGE = YES_ERROR;
				CLANG_WARN_DOCUMENTATION_COMMENTS = YES;
				CLANG_WARN_EMPTY_BODY = YES;
				CLANG_WARN_ENUM_CONVERSION = YES;
				CLANG_WARN_INFINITE_RECURSION = YES;
				CLANG_WARN_INT_CONVERSION = YES;
				CLANG_WARN_OBJC_ROOT_CLASS = YES_ERROR;
				CLANG_WARN_SUSPICIOUS_MOVES = YES;
				CLANG_WARN_UNREACHABLE_CODE = YES;
				CLANG_WARN__DUPLICATE_METHOD_MATCH = YES;
				"CODE_SIGN_IDENTITY[sdk=iphoneos*]" = "iPhone Developer";
				COPY_PHASE_STRIP = NO;
				DEBUG_INFORMATION_FORMAT = "dwarf-with-dsym";
				ENABLE_NS_ASSERTIONS = NO;
				ENABLE_STRICT_OBJC_MSGSEND = YES;
				GCC_C_LANGUAGE_STANDARD = gnu99;
				GCC_NO_COMMON_BLOCKS = YES;
				GCC_WARN_64_TO_32_BIT_CONVERSION = YES;
				GCC_WARN_ABOUT_RETURN_TYPE = YES_ERROR;
				GCC_WARN_UNDECLARED_SELECTOR = YES;
				GCC_WARN_UNINITIALIZED_AUTOS = YES_AGGRESSIVE;
				GCC_WARN_UNUSED_FUNCTION = YES;
				GCC_WARN_UNUSED_VARIABLE = YES;
				IPHONEOS_DEPLOYMENT_TARGET = 10.0;
				MTL_ENABLE_DEBUG_INFO = NO;
				SDKROOT = iphoneos;
				SWIFT_OPTIMIZATION_LEVEL = "-Owholemodule";
				TARGETED_DEVICE_FAMILY = "1,2";
				VALIDATE_PRODUCT = YES;
			};
			name = Release;
		};
		1763C2F91D70E76800188D36 /* Debug */ = {
			isa = XCBuildConfiguration;
			buildSettings = {
				ASSETCATALOG_COMPILER_APPICON_NAME = AppIcon;
				DEVELOPMENT_TEAM = M64HPXXUJF;
				INFOPLIST_FILE = SKMessage/Info.plist;
				LD_RUNPATH_SEARCH_PATHS = "$(inherited) @executable_path/Frameworks";
				PRODUCT_BUNDLE_IDENTIFIER = com.ethertyper.SKMessage.reference;
				PRODUCT_NAME = "$(TARGET_NAME)";
				SWIFT_VERSION = 3.0;
			};
			name = Debug;
		};
		1763C2FA1D70E76800188D36 /* Release */ = {
			isa = XCBuildConfiguration;
			buildSettings = {
				ASSETCATALOG_COMPILER_APPICON_NAME = AppIcon;
				DEVELOPMENT_TEAM = M64HPXXUJF;
				INFOPLIST_FILE = SKMessage/Info.plist;
				LD_RUNPATH_SEARCH_PATHS = "$(inherited) @executable_path/Frameworks";
				PRODUCT_BUNDLE_IDENTIFIER = com.ethertyper.SKMessage.reference;
				PRODUCT_NAME = "$(TARGET_NAME)";
				SWIFT_VERSION = 3.0;
			};
			name = Release;
		};
		1763C3171D70E78C00188D36 /* Debug */ = {
			isa = XCBuildConfiguration;
			buildSettings = {
				ASSETCATALOG_COMPILER_APPICON_NAME = "iMessage App Icon";
				DEVELOPMENT_TEAM = M64HPXXUJF;
				INFOPLIST_FILE = MessagesExtension/Info.plist;
				LD_RUNPATH_SEARCH_PATHS = "$(inherited) @executable_path/Frameworks @executable_path/../../Frameworks";
				PRODUCT_BUNDLE_IDENTIFIER = com.ethertyper.SKMessage.MessagesExtension;
				PRODUCT_NAME = "$(TARGET_NAME)";
				SKIP_INSTALL = YES;
				SWIFT_VERSION = 3.0;
			};
			name = Debug;
		};
		1763C3181D70E78C00188D36 /* Release */ = {
			isa = XCBuildConfiguration;
			buildSettings = {
				ASSETCATALOG_COMPILER_APPICON_NAME = "iMessage App Icon";
				DEVELOPMENT_TEAM = M64HPXXUJF;
				INFOPLIST_FILE = MessagesExtension/Info.plist;
				LD_RUNPATH_SEARCH_PATHS = "$(inherited) @executable_path/Frameworks @executable_path/../../Frameworks";
				PRODUCT_BUNDLE_IDENTIFIER = com.ethertyper.SKMessage.MessagesExtension;
				PRODUCT_NAME = "$(TARGET_NAME)";
				SKIP_INSTALL = YES;
				SWIFT_VERSION = 3.0;
			};
			name = Release;
		};
		1763C31B1D70E78C00188D36 /* Debug */ = {
			isa = XCBuildConfiguration;
			buildSettings = {
				ALWAYS_EMBED_SWIFT_STANDARD_LIBRARIES = YES;
				ASSETCATALOG_COMPILER_APPICON_NAME = AppIcon;
				DEVELOPMENT_TEAM = M64HPXXUJF;
				INFOPLIST_FILE = "SKMessage for iMessage/Info.plist";
				PRODUCT_BUNDLE_IDENTIFIER = com.ethertyper.SKMessage;
				PRODUCT_NAME = "$(TARGET_NAME)";
				SWIFT_VERSION = 3.0;
				TARGETED_DEVICE_FAMILY = "1,2";
			};
			name = Debug;
		};
		1763C31C1D70E78C00188D36 /* Release */ = {
			isa = XCBuildConfiguration;
			buildSettings = {
				ALWAYS_EMBED_SWIFT_STANDARD_LIBRARIES = YES;
				ASSETCATALOG_COMPILER_APPICON_NAME = AppIcon;
				DEVELOPMENT_TEAM = M64HPXXUJF;
				INFOPLIST_FILE = "SKMessage for iMessage/Info.plist";
				PRODUCT_BUNDLE_IDENTIFIER = com.ethertyper.SKMessage;
				PRODUCT_NAME = "$(TARGET_NAME)";
				SWIFT_VERSION = 3.0;
				TARGETED_DEVICE_FAMILY = "1,2";
			};
			name = Release;
		};
/* End XCBuildConfiguration section */

/* Begin XCConfigurationList section */
		1763C2DB1D70E76800188D36 /* Build configuration list for PBXProject "SKMessage" */ = {
			isa = XCConfigurationList;
			buildConfigurations = (
				1763C2F61D70E76800188D36 /* Debug */,
				1763C2F71D70E76800188D36 /* Release */,
			);
			defaultConfigurationIsVisible = 0;
			defaultConfigurationName = Release;
		};
		1763C2F81D70E76800188D36 /* Build configuration list for PBXNativeTarget "Reference SpriteKit" */ = {
			isa = XCConfigurationList;
			buildConfigurations = (
				1763C2F91D70E76800188D36 /* Debug */,
				1763C2FA1D70E76800188D36 /* Release */,
			);
			defaultConfigurationIsVisible = 0;
		};
		1763C3161D70E78C00188D36 /* Build configuration list for PBXNativeTarget "MessagesExtension" */ = {
			isa = XCConfigurationList;
			buildConfigurations = (
				1763C3171D70E78C00188D36 /* Debug */,
				1763C3181D70E78C00188D36 /* Release */,
			);
			defaultConfigurationIsVisible = 0;
		};
		1763C31A1D70E78C00188D36 /* Build configuration list for PBXNativeTarget "SKMessage for iMessage" */ = {
			isa = XCConfigurationList;
			buildConfigurations = (
				1763C31B1D70E78C00188D36 /* Debug */,
				1763C31C1D70E78C00188D36 /* Release */,
			);
			defaultConfigurationIsVisible = 0;
		};
/* End XCConfigurationList section */
	};
	rootObject = 1763C2D81D70E76800188D36 /* Project object */;
}
